
Microsoft Visual Studio Solution File, Format Version 12.00
# Visual Studio Version 17
VisualStudioVersion = 17.11.35312.102
MinimumVisualStudioVersion = 10.0.40219.1
Project("{888888A0-9F3D-457C-B088-3A5042F75D52}") = "module_6_3", "module_6_3.pyproj", "{B7E06B02-6014-46D6-BDC9-B86EF30D1479}"
EndProject
Global
	GlobalSection(SolutionConfigurationPlatforms) = preSolution
		Debug|Any CPU = Debug|Any CPU
		Release|Any CPU = Release|Any CPU
	EndGlobalSection
	GlobalSection(ProjectConfigurationPlatforms) = postSolution
		{B7E06B02-6014-46D6-BDC9-B86EF30D1479}.Debug|Any CPU.ActiveCfg = Debug|Any CPU
		{B7E06B02-6014-46D6-BDC9-B86EF30D1479}.Release|Any CPU.ActiveCfg = Release|Any CPU
	EndGlobalSection
	GlobalSection(SolutionProperties) = preSolution
		HideSolutionNode = FALSE
	EndGlobalSection
	GlobalSection(ExtensibilityGlobals) = postSolution
		SolutionGuid = {3BD3826E-901B-4739-B971-BFACC605BD85}
	EndGlobalSection
EndGlobal
